
Microsoft Visual Studio Solution File, Format Version 12.00
# Visual Studio Version 17
VisualStudioVersion = 17.7.34024.191
MinimumVisualStudioVersion = 10.0.40219.1
Project("{FAE04EC0-301F-11D3-BF4B-00C04F79EFBC}") = "Data Structure", "Data Structure\Data Structure.csproj", "{8CE1FA03-F71B-4262-A29C-7E5C9CA474A1}"
EndProject
Project("{FAE04EC0-301F-11D3-BF4B-00C04F79EFBC}") = "Collections", "Collections\Collections.csproj", "{54D118F6-1806-4E6D-9F7A-0A9787259595}"
EndProject
Project("{FAE04EC0-301F-11D3-BF4B-00C04F79EFBC}") = "CW", "CW\CW.csproj", "{EA837475-BAE3-48C4-8EBB-B0AC0DEF04FD}"
EndProject
Project("{FAE04EC0-301F-11D3-BF4B-00C04F79EFBC}") = "StackTest", "StackTest\StackTest.csproj", "{D2A23DD9-390C-45BB-8B0C-EAE0783CB308}"
EndProject
Project("{FAE04EC0-301F-11D3-BF4B-00C04F79EFBC}") = "Queue", "Queue\Queue.csproj", "{E4A8719A-A80B-4F9D-9247-FB5C70FDA86A}"
EndProject
<<<<<<< HEAD
<<<<<<< HEAD
<<<<<<< HEAD
Project("{FAE04EC0-301F-11D3-BF4B-00C04F79EFBC}") = "Tree", "Tree\Tree.csproj", "{6050DBE8-6CBE-4CE7-A96E-C3FF70578DA9}"
EndProject
Project("{FAE04EC0-301F-11D3-BF4B-00C04F79EFBC}") = "HuffmanEncode", "HuffmanEncode\HuffmanEncode.csproj", "{98FFE480-31B5-4974-A09B-0894303F44C9}"
EndProject
Project("{FAE04EC0-301F-11D3-BF4B-00C04F79EFBC}") = "Maze", "Maze\Maze.csproj", "{8DC28BDB-DA1F-47A5-84DD-32452E5194ED}"
EndProject
Project("{FAE04EC0-301F-11D3-BF4B-00C04F79EFBC}") = "Pacman", "Pacman\Pacman.csproj", "{C6691101-8012-4008-8354-9819509A663F}"
EndProject
=======
>>>>>>> 97e79c2991e63628b49768c9ab34c954d7982446
=======
>>>>>>> 97e79c2991e63628b49768c9ab34c954d7982446
=======
>>>>>>> 97e79c2991e63628b49768c9ab34c954d7982446
Global
	GlobalSection(SolutionConfigurationPlatforms) = preSolution
		Debug|Any CPU = Debug|Any CPU
		Release|Any CPU = Release|Any CPU
	EndGlobalSection
	GlobalSection(ProjectConfigurationPlatforms) = postSolution
		{8CE1FA03-F71B-4262-A29C-7E5C9CA474A1}.Debug|Any CPU.ActiveCfg = Debug|Any CPU
		{8CE1FA03-F71B-4262-A29C-7E5C9CA474A1}.Debug|Any CPU.Build.0 = Debug|Any CPU
		{8CE1FA03-F71B-4262-A29C-7E5C9CA474A1}.Release|Any CPU.ActiveCfg = Release|Any CPU
		{8CE1FA03-F71B-4262-A29C-7E5C9CA474A1}.Release|Any CPU.Build.0 = Release|Any CPU
		{54D118F6-1806-4E6D-9F7A-0A9787259595}.Debug|Any CPU.ActiveCfg = Debug|Any CPU
		{54D118F6-1806-4E6D-9F7A-0A9787259595}.Debug|Any CPU.Build.0 = Debug|Any CPU
		{54D118F6-1806-4E6D-9F7A-0A9787259595}.Release|Any CPU.ActiveCfg = Release|Any CPU
		{54D118F6-1806-4E6D-9F7A-0A9787259595}.Release|Any CPU.Build.0 = Release|Any CPU
		{EA837475-BAE3-48C4-8EBB-B0AC0DEF04FD}.Debug|Any CPU.ActiveCfg = Debug|Any CPU
		{EA837475-BAE3-48C4-8EBB-B0AC0DEF04FD}.Debug|Any CPU.Build.0 = Debug|Any CPU
		{EA837475-BAE3-48C4-8EBB-B0AC0DEF04FD}.Release|Any CPU.ActiveCfg = Release|Any CPU
		{EA837475-BAE3-48C4-8EBB-B0AC0DEF04FD}.Release|Any CPU.Build.0 = Release|Any CPU
		{D2A23DD9-390C-45BB-8B0C-EAE0783CB308}.Debug|Any CPU.ActiveCfg = Debug|Any CPU
		{D2A23DD9-390C-45BB-8B0C-EAE0783CB308}.Debug|Any CPU.Build.0 = Debug|Any CPU
		{D2A23DD9-390C-45BB-8B0C-EAE0783CB308}.Release|Any CPU.ActiveCfg = Release|Any CPU
		{D2A23DD9-390C-45BB-8B0C-EAE0783CB308}.Release|Any CPU.Build.0 = Release|Any CPU
		{E4A8719A-A80B-4F9D-9247-FB5C70FDA86A}.Debug|Any CPU.ActiveCfg = Debug|Any CPU
		{E4A8719A-A80B-4F9D-9247-FB5C70FDA86A}.Debug|Any CPU.Build.0 = Debug|Any CPU
		{E4A8719A-A80B-4F9D-9247-FB5C70FDA86A}.Release|Any CPU.ActiveCfg = Release|Any CPU
		{E4A8719A-A80B-4F9D-9247-FB5C70FDA86A}.Release|Any CPU.Build.0 = Release|Any CPU
<<<<<<< HEAD
<<<<<<< HEAD
<<<<<<< HEAD
		{6050DBE8-6CBE-4CE7-A96E-C3FF70578DA9}.Debug|Any CPU.ActiveCfg = Debug|Any CPU
		{6050DBE8-6CBE-4CE7-A96E-C3FF70578DA9}.Debug|Any CPU.Build.0 = Debug|Any CPU
		{6050DBE8-6CBE-4CE7-A96E-C3FF70578DA9}.Release|Any CPU.ActiveCfg = Release|Any CPU
		{6050DBE8-6CBE-4CE7-A96E-C3FF70578DA9}.Release|Any CPU.Build.0 = Release|Any CPU
		{98FFE480-31B5-4974-A09B-0894303F44C9}.Debug|Any CPU.ActiveCfg = Debug|Any CPU
		{98FFE480-31B5-4974-A09B-0894303F44C9}.Debug|Any CPU.Build.0 = Debug|Any CPU
		{98FFE480-31B5-4974-A09B-0894303F44C9}.Release|Any CPU.ActiveCfg = Release|Any CPU
		{98FFE480-31B5-4974-A09B-0894303F44C9}.Release|Any CPU.Build.0 = Release|Any CPU
		{8DC28BDB-DA1F-47A5-84DD-32452E5194ED}.Debug|Any CPU.ActiveCfg = Debug|Any CPU
		{8DC28BDB-DA1F-47A5-84DD-32452E5194ED}.Debug|Any CPU.Build.0 = Debug|Any CPU
		{8DC28BDB-DA1F-47A5-84DD-32452E5194ED}.Release|Any CPU.ActiveCfg = Release|Any CPU
		{8DC28BDB-DA1F-47A5-84DD-32452E5194ED}.Release|Any CPU.Build.0 = Release|Any CPU
		{C6691101-8012-4008-8354-9819509A663F}.Debug|Any CPU.ActiveCfg = Debug|Any CPU
		{C6691101-8012-4008-8354-9819509A663F}.Debug|Any CPU.Build.0 = Debug|Any CPU
		{C6691101-8012-4008-8354-9819509A663F}.Release|Any CPU.ActiveCfg = Release|Any CPU
		{C6691101-8012-4008-8354-9819509A663F}.Release|Any CPU.Build.0 = Release|Any CPU
=======
>>>>>>> 97e79c2991e63628b49768c9ab34c954d7982446
=======
>>>>>>> 97e79c2991e63628b49768c9ab34c954d7982446
=======
>>>>>>> 97e79c2991e63628b49768c9ab34c954d7982446
	EndGlobalSection
	GlobalSection(SolutionProperties) = preSolution
		HideSolutionNode = FALSE
	EndGlobalSection
	GlobalSection(ExtensibilityGlobals) = postSolution
		SolutionGuid = {F7EB0920-32DC-421D-A026-2270E04DD33B}
	EndGlobalSection
EndGlobal
