
Microsoft Visual Studio Solution File, Format Version 12.00
# Visual Studio Version 17
VisualStudioVersion = 17.7.34024.191
MinimumVisualStudioVersion = 10.0.40219.1
Project("{FAE04EC0-301F-11D3-BF4B-00C04F79EFBC}") = "Data Structure", "Data Structure\Data Structure.csproj", "{8CE1FA03-F71B-4262-A29C-7E5C9CA474A1}"
EndProject
Project("{FAE04EC0-301F-11D3-BF4B-00C04F79EFBC}") = "Collections", "Collections\Collections.csproj", "{54D118F6-1806-4E6D-9F7A-0A9787259595}"
EndProject
Project("{FAE04EC0-301F-11D3-BF4B-00C04F79EFBC}") = "CW", "CW\CW.csproj", "{EA837475-BAE3-48C4-8EBB-B0AC0DEF04FD}"
EndProject
Global
	GlobalSection(SolutionConfigurationPlatforms) = preSolution
		Debug|Any CPU = Debug|Any CPU
		Release|Any CPU = Release|Any CPU
	EndGlobalSection
	GlobalSection(ProjectConfigurationPlatforms) = postSolution
		{8CE1FA03-F71B-4262-A29C-7E5C9CA474A1}.Debug|Any CPU.ActiveCfg = Debug|Any CPU
		{8CE1FA03-F71B-4262-A29C-7E5C9CA474A1}.Debug|Any CPU.Build.0 = Debug|Any CPU
		{8CE1FA03-F71B-4262-A29C-7E5C9CA474A1}.Release|Any CPU.ActiveCfg = Release|Any CPU
		{8CE1FA03-F71B-4262-A29C-7E5C9CA474A1}.Release|Any CPU.Build.0 = Release|Any CPU
		{54D118F6-1806-4E6D-9F7A-0A9787259595}.Debug|Any CPU.ActiveCfg = Debug|Any CPU
		{54D118F6-1806-4E6D-9F7A-0A9787259595}.Debug|Any CPU.Build.0 = Debug|Any CPU
		{54D118F6-1806-4E6D-9F7A-0A9787259595}.Release|Any CPU.ActiveCfg = Release|Any CPU
		{54D118F6-1806-4E6D-9F7A-0A9787259595}.Release|Any CPU.Build.0 = Release|Any CPU
		{EA837475-BAE3-48C4-8EBB-B0AC0DEF04FD}.Debug|Any CPU.ActiveCfg = Debug|Any CPU
		{EA837475-BAE3-48C4-8EBB-B0AC0DEF04FD}.Debug|Any CPU.Build.0 = Debug|Any CPU
		{EA837475-BAE3-48C4-8EBB-B0AC0DEF04FD}.Release|Any CPU.ActiveCfg = Release|Any CPU
		{EA837475-BAE3-48C4-8EBB-B0AC0DEF04FD}.Release|Any CPU.Build.0 = Release|Any CPU
	EndGlobalSection
	GlobalSection(SolutionProperties) = preSolution
		HideSolutionNode = FALSE
	EndGlobalSection
	GlobalSection(ExtensibilityGlobals) = postSolution
		SolutionGuid = {F7EB0920-32DC-421D-A026-2270E04DD33B}
	EndGlobalSection
EndGlobal
